
Microsoft Visual Studio Solution File, Format Version 12.00
# Visual Studio Version 16
VisualStudioVersion = 16.0.31205.134
MinimumVisualStudioVersion = 10.0.40219.1
Project("{FAE04EC0-301F-11D3-BF4B-00C04F79EFBC}") = "Jermy and Jeremiah app 1", "Jermy and Jeremiah app 1\Jermy and Jeremiah app 1.csproj", "{0622BECA-B535-42EB-9E92-3F6A779B8971}"
EndProject
Project("{FAE04EC0-301F-11D3-BF4B-00C04F79EFBC}") = "calc", "calc\calc.csproj", "{1808C03C-EB80-4273-A565-2B245F9A68AF}"
EndProject
Global
	GlobalSection(SolutionConfigurationPlatforms) = preSolution
		Debug|Any CPU = Debug|Any CPU
		Release|Any CPU = Release|Any CPU
	EndGlobalSection
	GlobalSection(ProjectConfigurationPlatforms) = postSolution
		{0622BECA-B535-42EB-9E92-3F6A779B8971}.Debug|Any CPU.ActiveCfg = Debug|Any CPU
		{0622BECA-B535-42EB-9E92-3F6A779B8971}.Debug|Any CPU.Build.0 = Debug|Any CPU
		{0622BECA-B535-42EB-9E92-3F6A779B8971}.Release|Any CPU.ActiveCfg = Release|Any CPU
		{0622BECA-B535-42EB-9E92-3F6A779B8971}.Release|Any CPU.Build.0 = Release|Any CPU
		{1808C03C-EB80-4273-A565-2B245F9A68AF}.Debug|Any CPU.ActiveCfg = Debug|Any CPU
		{1808C03C-EB80-4273-A565-2B245F9A68AF}.Debug|Any CPU.Build.0 = Debug|Any CPU
		{1808C03C-EB80-4273-A565-2B245F9A68AF}.Release|Any CPU.ActiveCfg = Release|Any CPU
		{1808C03C-EB80-4273-A565-2B245F9A68AF}.Release|Any CPU.Build.0 = Release|Any CPU
	EndGlobalSection
	GlobalSection(SolutionProperties) = preSolution
		HideSolutionNode = FALSE
	EndGlobalSection
	GlobalSection(ExtensibilityGlobals) = postSolution
		SolutionGuid = {27C3819E-DC12-4046-B00E-2BDE6B04E1F0}
	EndGlobalSection
EndGlobal
